
Microsoft Visual Studio Solution File, Format Version 12.00
# Visual Studio Version 17
VisualStudioVersion = 17.0.31903.59
MinimumVisualStudioVersion = 10.0.40219.1
Project("{2150E333-8FDC-42A3-9474-1A3956D46DE8}") = "src", "src", "{586D083E-4309-4C41-91E7-D37F5277AA2B}"
EndProject
Project("{FAE04EC0-301F-11D3-BF4B-00C04F79EFBC}") = "FastCsv", "src\FastCsv\FastCsv.csproj", "{F9ADE669-75BA-4853-A763-3B241241DC21}"
EndProject
Project("{2150E333-8FDC-42A3-9474-1A3956D46DE8}") = "tests", "tests", "{07E5EE3A-1CCA-44B9-B287-4E869481937C}"
EndProject
Project("{FAE04EC0-301F-11D3-BF4B-00C04F79EFBC}") = "FastCsv.Tests", "tests\FastCsv.Tests\FastCsv.Tests.csproj", "{93969D81-3765-4A43-9507-6121F010BFEA}"
EndProject
Global
	GlobalSection(SolutionConfigurationPlatforms) = preSolution
		Debug|Any CPU = Debug|Any CPU
		Release|Any CPU = Release|Any CPU
	EndGlobalSection
	GlobalSection(SolutionProperties) = preSolution
		HideSolutionNode = FALSE
	EndGlobalSection
	GlobalSection(ProjectConfigurationPlatforms) = postSolution
		{F9ADE669-75BA-4853-A763-3B241241DC21}.Debug|Any CPU.ActiveCfg = Debug|Any CPU
		{F9ADE669-75BA-4853-A763-3B241241DC21}.Debug|Any CPU.Build.0 = Debug|Any CPU
		{F9ADE669-75BA-4853-A763-3B241241DC21}.Release|Any CPU.ActiveCfg = Release|Any CPU
		{F9ADE669-75BA-4853-A763-3B241241DC21}.Release|Any CPU.Build.0 = Release|Any CPU
		{93969D81-3765-4A43-9507-6121F010BFEA}.Debug|Any CPU.ActiveCfg = Debug|Any CPU
		{93969D81-3765-4A43-9507-6121F010BFEA}.Debug|Any CPU.Build.0 = Debug|Any CPU
		{93969D81-3765-4A43-9507-6121F010BFEA}.Release|Any CPU.ActiveCfg = Release|Any CPU
		{93969D81-3765-4A43-9507-6121F010BFEA}.Release|Any CPU.Build.0 = Release|Any CPU
	EndGlobalSection
	GlobalSection(NestedProjects) = preSolution
		{F9ADE669-75BA-4853-A763-3B241241DC21} = {586D083E-4309-4C41-91E7-D37F5277AA2B}
		{93969D81-3765-4A43-9507-6121F010BFEA} = {07E5EE3A-1CCA-44B9-B287-4E869481937C}
	EndGlobalSection
EndGlobal
